version: 5
environments:
  default:
    channels:
    - url: https://conda.anaconda.org/conda-forge/
    indexes:
    - https://pypi.org/simple
    packages:
      linux-64:
      - conda: https://conda.anaconda.org/conda-forge/linux-64/_libgcc_mutex-0.1-conda_forge.tar.bz2
      - conda: https://conda.anaconda.org/conda-forge/linux-64/_openmp_mutex-4.5-2_gnu.tar.bz2
      - conda: https://conda.anaconda.org/conda-forge/linux-64/bzip2-1.0.8-h4bc722e_7.conda
      - conda: https://conda.anaconda.org/conda-forge/linux-64/ca-certificates-2024.8.30-hbcca054_0.conda
      - conda: https://conda.anaconda.org/conda-forge/linux-64/ld_impl_linux-64-2.43-h712a8e2_2.conda
      - conda: https://conda.anaconda.org/conda-forge/linux-64/libexpat-2.6.4-h5888daf_0.conda
      - conda: https://conda.anaconda.org/conda-forge/linux-64/libffi-3.4.2-h7f98852_5.tar.bz2
      - conda: https://conda.anaconda.org/conda-forge/linux-64/libgcc-14.2.0-h77fa898_1.conda
      - conda: https://conda.anaconda.org/conda-forge/linux-64/libgcc-ng-14.2.0-h69a702a_1.conda
      - conda: https://conda.anaconda.org/conda-forge/linux-64/libgomp-14.2.0-h77fa898_1.conda
      - conda: https://conda.anaconda.org/conda-forge/linux-64/libmpdec-4.0.0-h4bc722e_0.conda
      - conda: https://conda.anaconda.org/conda-forge/linux-64/libsqlite-3.47.0-hadc24fc_1.conda
      - conda: https://conda.anaconda.org/conda-forge/linux-64/libuuid-2.38.1-h0b41bf4_0.conda
      - conda: https://conda.anaconda.org/conda-forge/linux-64/libzlib-1.3.1-hb9d3cd8_2.conda
      - conda: https://conda.anaconda.org/conda-forge/linux-64/ncurses-6.5-he02047a_1.conda
      - conda: https://conda.anaconda.org/conda-forge/linux-64/openssl-3.3.2-hb9d3cd8_0.conda
      - conda: https://conda.anaconda.org/conda-forge/linux-64/python-3.13.0-h9ebbce0_100_cp313.conda
      - conda: https://conda.anaconda.org/conda-forge/linux-64/python_abi-3.13-5_cp313.conda
      - conda: https://conda.anaconda.org/conda-forge/linux-64/readline-8.2-h8228510_1.conda
      - conda: https://conda.anaconda.org/conda-forge/linux-64/tk-8.6.13-noxft_h4845f30_101.conda
      - conda: https://conda.anaconda.org/conda-forge/noarch/tzdata-2024b-hc8b5060_0.conda
      - conda: https://conda.anaconda.org/conda-forge/linux-64/xz-5.2.6-h166bdaf_0.tar.bz2
      - pypi: https://files.pythonhosted.org/packages/6a/21/5b6702a7f963e95456c0de2d495f67bf5fd62840ac655dc451586d23d39a/attrs-24.2.0-py3-none-any.whl
      - pypi: https://files.pythonhosted.org/packages/c8/d5/867e75361fc45f6de75fe277dd085627a9db5ebb511a87f27dc1396b5351/cattrs-24.1.2-py3-none-any.whl
      - pypi: https://files.pythonhosted.org/packages/43/e3/7d92a15f894aa0c9c4b49b8ee9ac9850d6e63b03c9c32c0367a13ae62209/mpmath-1.3.0-py3-none-any.whl
      - pypi: https://files.pythonhosted.org/packages/70/50/73f9a5aa0810cdccda9c1d20be3cbe4a4d6ea6bfd6931464a44c95eef731/numpy-2.1.3-cp313-cp313-manylinux_2_17_x86_64.manylinux2014_x86_64.whl
      - pypi: https://files.pythonhosted.org/packages/88/ef/eb23f262cca3c0c4eb7ab1933c3b1f03d021f2c48f54763065b6f0e321be/packaging-24.2-py3-none-any.whl
      - pypi: https://files.pythonhosted.org/packages/5d/ae/3257b09328c0b4e59535e497b0c7537d4954038bdd53a2f0d2f49d15a7c4/protobuf-5.28.3-cp38-abi3-manylinux2014_x86_64.whl
      - pypi: https://files.pythonhosted.org/packages/a1/1b/16b79549afd3dec6d764456c07b8581134c74008d87303ba23906380fa57/pyaml-24.9.0-py3-none-any.whl
      - pypi: https://files.pythonhosted.org/packages/04/24/b7721e4845c2f162d26f50521b825fb061bc0a5afcf9a386840f23ea19fa/PyYAML-6.0.2-cp313-cp313-manylinux_2_17_x86_64.manylinux2014_x86_64.whl
      - pypi: https://files.pythonhosted.org/packages/90/12/282ee9bce8b58130cb762fbc9beabd531549952cac11fc56add11dcb7ea0/setuptools-75.3.0-py3-none-any.whl
      - pypi: https://files.pythonhosted.org/packages/99/ff/c87e0622b1dadea79d2fb0b25ade9ed98954c9033722eb707053d310d4f3/sympy-1.13.3-py3-none-any.whl
      - pypi: https://files.pythonhosted.org/packages/2b/78/57043611a16c655c8350b4c01b8d6abfb38cc2acb475238b62c2146186d7/tqdm-4.67.0-py3-none-any.whl
      - pypi: .
      osx-64:
      - conda: https://conda.anaconda.org/conda-forge/osx-64/bzip2-1.0.8-hfdf4475_7.conda
      - conda: https://conda.anaconda.org/conda-forge/osx-64/ca-certificates-2024.8.30-h8857fd0_0.conda
      - conda: https://conda.anaconda.org/conda-forge/osx-64/libexpat-2.6.4-h240833e_0.conda
      - conda: https://conda.anaconda.org/conda-forge/osx-64/libffi-3.4.2-h0d85af4_5.tar.bz2
      - conda: https://conda.anaconda.org/conda-forge/osx-64/libmpdec-4.0.0-hfdf4475_0.conda
      - conda: https://conda.anaconda.org/conda-forge/osx-64/libsqlite-3.47.0-h2f8c449_1.conda
      - conda: https://conda.anaconda.org/conda-forge/osx-64/libzlib-1.3.1-hd23fc13_2.conda
      - conda: https://conda.anaconda.org/conda-forge/osx-64/ncurses-6.5-hf036a51_1.conda
      - conda: https://conda.anaconda.org/conda-forge/osx-64/openssl-3.3.2-hd23fc13_0.conda
      - conda: https://conda.anaconda.org/conda-forge/osx-64/python-3.13.0-h0608dab_100_cp313.conda
      - conda: https://conda.anaconda.org/conda-forge/osx-64/python_abi-3.13-5_cp313.conda
      - conda: https://conda.anaconda.org/conda-forge/osx-64/readline-8.2-h9e318b2_1.conda
      - conda: https://conda.anaconda.org/conda-forge/osx-64/tk-8.6.13-h1abcd95_1.conda
      - conda: https://conda.anaconda.org/conda-forge/noarch/tzdata-2024b-hc8b5060_0.conda
      - conda: https://conda.anaconda.org/conda-forge/osx-64/xz-5.2.6-h775f41a_0.tar.bz2
      - pypi: https://files.pythonhosted.org/packages/6a/21/5b6702a7f963e95456c0de2d495f67bf5fd62840ac655dc451586d23d39a/attrs-24.2.0-py3-none-any.whl
      - pypi: https://files.pythonhosted.org/packages/c8/d5/867e75361fc45f6de75fe277dd085627a9db5ebb511a87f27dc1396b5351/cattrs-24.1.2-py3-none-any.whl
      - pypi: https://files.pythonhosted.org/packages/43/e3/7d92a15f894aa0c9c4b49b8ee9ac9850d6e63b03c9c32c0367a13ae62209/mpmath-1.3.0-py3-none-any.whl
      - pypi: https://files.pythonhosted.org/packages/4d/0b/620591441457e25f3404c8057eb924d04f161244cb8a3680d529419aa86e/numpy-2.1.3-cp313-cp313-macosx_10_13_x86_64.whl
      - pypi: https://files.pythonhosted.org/packages/88/ef/eb23f262cca3c0c4eb7ab1933c3b1f03d021f2c48f54763065b6f0e321be/packaging-24.2-py3-none-any.whl
      - pypi: https://files.pythonhosted.org/packages/1c/f2/baf397f3dd1d3e4af7e3f5a0382b868d25ac068eefe1ebde05132333436c/protobuf-5.28.3-cp38-abi3-macosx_10_9_universal2.whl
      - pypi: https://files.pythonhosted.org/packages/a1/1b/16b79549afd3dec6d764456c07b8581134c74008d87303ba23906380fa57/pyaml-24.9.0-py3-none-any.whl
      - pypi: https://files.pythonhosted.org/packages/ef/e3/3af305b830494fa85d95f6d95ef7fa73f2ee1cc8ef5b495c7c3269fb835f/PyYAML-6.0.2-cp313-cp313-macosx_10_13_x86_64.whl
      - pypi: https://files.pythonhosted.org/packages/90/12/282ee9bce8b58130cb762fbc9beabd531549952cac11fc56add11dcb7ea0/setuptools-75.3.0-py3-none-any.whl
      - pypi: https://files.pythonhosted.org/packages/99/ff/c87e0622b1dadea79d2fb0b25ade9ed98954c9033722eb707053d310d4f3/sympy-1.13.3-py3-none-any.whl
      - pypi: https://files.pythonhosted.org/packages/2b/78/57043611a16c655c8350b4c01b8d6abfb38cc2acb475238b62c2146186d7/tqdm-4.67.0-py3-none-any.whl
      - pypi: .
      osx-arm64:
      - conda: https://conda.anaconda.org/conda-forge/osx-arm64/bzip2-1.0.8-h99b78c6_7.conda
      - conda: https://conda.anaconda.org/conda-forge/osx-arm64/ca-certificates-2024.8.30-hf0a4a13_0.conda
      - conda: https://conda.anaconda.org/conda-forge/osx-arm64/libexpat-2.6.4-h286801f_0.conda
      - conda: https://conda.anaconda.org/conda-forge/osx-arm64/libffi-3.4.2-h3422bc3_5.tar.bz2
      - conda: https://conda.anaconda.org/conda-forge/osx-arm64/libmpdec-4.0.0-h99b78c6_0.conda
      - conda: https://conda.anaconda.org/conda-forge/osx-arm64/libsqlite-3.47.0-hbaaea75_1.conda
      - conda: https://conda.anaconda.org/conda-forge/osx-arm64/libzlib-1.3.1-h8359307_2.conda
      - conda: https://conda.anaconda.org/conda-forge/osx-arm64/ncurses-6.5-h7bae524_1.conda
      - conda: https://conda.anaconda.org/conda-forge/osx-arm64/openssl-3.3.2-h8359307_0.conda
      - conda: https://conda.anaconda.org/conda-forge/osx-arm64/python-3.13.0-h75c3a9f_100_cp313.conda
      - conda: https://conda.anaconda.org/conda-forge/osx-arm64/python_abi-3.13-5_cp313.conda
      - conda: https://conda.anaconda.org/conda-forge/osx-arm64/readline-8.2-h92ec313_1.conda
      - conda: https://conda.anaconda.org/conda-forge/osx-arm64/tk-8.6.13-h5083fa2_1.conda
      - conda: https://conda.anaconda.org/conda-forge/noarch/tzdata-2024b-hc8b5060_0.conda
      - conda: https://conda.anaconda.org/conda-forge/osx-arm64/xz-5.2.6-h57fd34a_0.tar.bz2
      - pypi: https://files.pythonhosted.org/packages/6a/21/5b6702a7f963e95456c0de2d495f67bf5fd62840ac655dc451586d23d39a/attrs-24.2.0-py3-none-any.whl
      - pypi: https://files.pythonhosted.org/packages/c8/d5/867e75361fc45f6de75fe277dd085627a9db5ebb511a87f27dc1396b5351/cattrs-24.1.2-py3-none-any.whl
      - pypi: https://files.pythonhosted.org/packages/43/e3/7d92a15f894aa0c9c4b49b8ee9ac9850d6e63b03c9c32c0367a13ae62209/mpmath-1.3.0-py3-none-any.whl
      - pypi: https://files.pythonhosted.org/packages/45/e1/210b2d8b31ce9119145433e6ea78046e30771de3fe353f313b2778142f34/numpy-2.1.3-cp313-cp313-macosx_11_0_arm64.whl
      - pypi: https://files.pythonhosted.org/packages/88/ef/eb23f262cca3c0c4eb7ab1933c3b1f03d021f2c48f54763065b6f0e321be/packaging-24.2-py3-none-any.whl
      - pypi: https://files.pythonhosted.org/packages/1c/f2/baf397f3dd1d3e4af7e3f5a0382b868d25ac068eefe1ebde05132333436c/protobuf-5.28.3-cp38-abi3-macosx_10_9_universal2.whl
      - pypi: https://files.pythonhosted.org/packages/a1/1b/16b79549afd3dec6d764456c07b8581134c74008d87303ba23906380fa57/pyaml-24.9.0-py3-none-any.whl
      - pypi: https://files.pythonhosted.org/packages/45/9f/3b1c20a0b7a3200524eb0076cc027a970d320bd3a6592873c85c92a08731/PyYAML-6.0.2-cp313-cp313-macosx_11_0_arm64.whl
      - pypi: https://files.pythonhosted.org/packages/90/12/282ee9bce8b58130cb762fbc9beabd531549952cac11fc56add11dcb7ea0/setuptools-75.3.0-py3-none-any.whl
      - pypi: https://files.pythonhosted.org/packages/99/ff/c87e0622b1dadea79d2fb0b25ade9ed98954c9033722eb707053d310d4f3/sympy-1.13.3-py3-none-any.whl
      - pypi: https://files.pythonhosted.org/packages/2b/78/57043611a16c655c8350b4c01b8d6abfb38cc2acb475238b62c2146186d7/tqdm-4.67.0-py3-none-any.whl
      - pypi: .
packages:
- kind: conda
  name: _libgcc_mutex
  version: '0.1'
  build: conda_forge
  subdir: linux-64
  url: https://conda.anaconda.org/conda-forge/linux-64/_libgcc_mutex-0.1-conda_forge.tar.bz2
  sha256: fe51de6107f9edc7aa4f786a70f4a883943bc9d39b3bb7307c04c41410990726
  md5: d7c89558ba9fa0495403155b64376d81
  license: None
  purls: []
  size: 2562
  timestamp: 1578324546067
- kind: conda
  name: _openmp_mutex
  version: '4.5'
  build: 2_gnu
  build_number: 16
  subdir: linux-64
  url: https://conda.anaconda.org/conda-forge/linux-64/_openmp_mutex-4.5-2_gnu.tar.bz2
  sha256: fbe2c5e56a653bebb982eda4876a9178aedfc2b545f25d0ce9c4c0b508253d22
  md5: 73aaf86a425cc6e73fcf236a5a46396d
  depends:
  - _libgcc_mutex 0.1 conda_forge
  - libgomp >=7.5.0
  constrains:
  - openmp_impl 9999
  license: BSD-3-Clause
  license_family: BSD
  purls: []
  size: 23621
  timestamp: 1650670423406
- kind: pypi
  name: attrs
  version: 24.2.0
  url: https://files.pythonhosted.org/packages/6a/21/5b6702a7f963e95456c0de2d495f67bf5fd62840ac655dc451586d23d39a/attrs-24.2.0-py3-none-any.whl
  sha256: 81921eb96de3191c8258c199618104dd27ac608d9366f5e35d011eae1867ede2
  requires_dist:
  - importlib-metadata ; python_full_version < '3.8'
  - cloudpickle ; platform_python_implementation == 'CPython' and extra == 'benchmark'
  - hypothesis ; extra == 'benchmark'
  - mypy>=1.11.1 ; python_full_version >= '3.9' and platform_python_implementation == 'CPython' and extra == 'benchmark'
  - pympler ; extra == 'benchmark'
  - pytest-codspeed ; extra == 'benchmark'
  - pytest-mypy-plugins ; python_full_version >= '3.9' and python_full_version < '3.13' and platform_python_implementation == 'CPython' and extra == 'benchmark'
  - pytest-xdist[psutil] ; extra == 'benchmark'
  - pytest>=4.3.0 ; extra == 'benchmark'
  - cloudpickle ; platform_python_implementation == 'CPython' and extra == 'cov'
  - coverage[toml]>=5.3 ; extra == 'cov'
  - hypothesis ; extra == 'cov'
  - mypy>=1.11.1 ; python_full_version >= '3.9' and platform_python_implementation == 'CPython' and extra == 'cov'
  - pympler ; extra == 'cov'
  - pytest-mypy-plugins ; python_full_version >= '3.9' and python_full_version < '3.13' and platform_python_implementation == 'CPython' and extra == 'cov'
  - pytest-xdist[psutil] ; extra == 'cov'
  - pytest>=4.3.0 ; extra == 'cov'
  - cloudpickle ; platform_python_implementation == 'CPython' and extra == 'dev'
  - hypothesis ; extra == 'dev'
  - mypy>=1.11.1 ; python_full_version >= '3.9' and platform_python_implementation == 'CPython' and extra == 'dev'
  - pre-commit ; extra == 'dev'
  - pympler ; extra == 'dev'
  - pytest-mypy-plugins ; python_full_version >= '3.9' and python_full_version < '3.13' and platform_python_implementation == 'CPython' and extra == 'dev'
  - pytest-xdist[psutil] ; extra == 'dev'
  - pytest>=4.3.0 ; extra == 'dev'
  - cogapp ; extra == 'docs'
  - furo ; extra == 'docs'
  - myst-parser ; extra == 'docs'
  - sphinx ; extra == 'docs'
  - sphinx-notfound-page ; extra == 'docs'
  - sphinxcontrib-towncrier ; extra == 'docs'
  - towncrier<24.7 ; extra == 'docs'
  - cloudpickle ; platform_python_implementation == 'CPython' and extra == 'tests'
  - hypothesis ; extra == 'tests'
  - mypy>=1.11.1 ; python_full_version >= '3.9' and platform_python_implementation == 'CPython' and extra == 'tests'
  - pympler ; extra == 'tests'
  - pytest-mypy-plugins ; python_full_version >= '3.9' and python_full_version < '3.13' and platform_python_implementation == 'CPython' and extra == 'tests'
  - pytest-xdist[psutil] ; extra == 'tests'
  - pytest>=4.3.0 ; extra == 'tests'
  - mypy>=1.11.1 ; python_full_version >= '3.9' and platform_python_implementation == 'CPython' and extra == 'tests-mypy'
  - pytest-mypy-plugins ; python_full_version >= '3.9' and python_full_version < '3.13' and platform_python_implementation == 'CPython' and extra == 'tests-mypy'
  requires_python: '>=3.7'
- kind: conda
  name: bzip2
  version: 1.0.8
  build: h4bc722e_7
  build_number: 7
  subdir: linux-64
  url: https://conda.anaconda.org/conda-forge/linux-64/bzip2-1.0.8-h4bc722e_7.conda
  sha256: 5ced96500d945fb286c9c838e54fa759aa04a7129c59800f0846b4335cee770d
  md5: 62ee74e96c5ebb0af99386de58cf9553
  depends:
  - __glibc >=2.17,<3.0.a0
  - libgcc-ng >=12
  license: bzip2-1.0.6
  license_family: BSD
  purls: []
  size: 252783
  timestamp: 1720974456583
- kind: conda
  name: bzip2
  version: 1.0.8
  build: h99b78c6_7
  build_number: 7
  subdir: osx-arm64
  url: https://conda.anaconda.org/conda-forge/osx-arm64/bzip2-1.0.8-h99b78c6_7.conda
  sha256: adfa71f158cbd872a36394c56c3568e6034aa55c623634b37a4836bd036e6b91
  md5: fc6948412dbbbe9a4c9ddbbcfe0a79ab
  depends:
  - __osx >=11.0
  license: bzip2-1.0.6
  license_family: BSD
  purls: []
  size: 122909
  timestamp: 1720974522888
- kind: conda
  name: bzip2
  version: 1.0.8
  build: hfdf4475_7
  build_number: 7
  subdir: osx-64
  url: https://conda.anaconda.org/conda-forge/osx-64/bzip2-1.0.8-hfdf4475_7.conda
  sha256: cad153608b81fb24fc8c509357daa9ae4e49dfc535b2cb49b91e23dbd68fc3c5
  md5: 7ed4301d437b59045be7e051a0308211
  depends:
  - __osx >=10.13
  license: bzip2-1.0.6
  license_family: BSD
  purls: []
  size: 134188
  timestamp: 1720974491916
- kind: conda
  name: ca-certificates
  version: 2024.8.30
  build: h8857fd0_0
  subdir: osx-64
  url: https://conda.anaconda.org/conda-forge/osx-64/ca-certificates-2024.8.30-h8857fd0_0.conda
  sha256: 593f302d0f44c2c771e1614ee6d56fffdc7d616e6f187669c8b0e34ffce3e1ae
  md5: b7e5424e7f06547a903d28e4651dbb21
  license: ISC
  purls: []
  size: 158665
  timestamp: 1725019059295
- kind: conda
  name: ca-certificates
  version: 2024.8.30
  build: hbcca054_0
  subdir: linux-64
  url: https://conda.anaconda.org/conda-forge/linux-64/ca-certificates-2024.8.30-hbcca054_0.conda
  sha256: afee721baa6d988e27fef1832f68d6f32ac8cc99cdf6015732224c2841a09cea
  md5: c27d1c142233b5bc9ca570c6e2e0c244
  license: ISC
  purls: []
  size: 159003
  timestamp: 1725018903918
- kind: conda
  name: ca-certificates
  version: 2024.8.30
  build: hf0a4a13_0
  subdir: osx-arm64
  url: https://conda.anaconda.org/conda-forge/osx-arm64/ca-certificates-2024.8.30-hf0a4a13_0.conda
  sha256: 2db1733f4b644575dbbdd7994a8f338e6ef937f5ebdb74acd557e9dda0211709
  md5: 40dec13fd8348dbe303e57be74bd3d35
  license: ISC
  purls: []
  size: 158482
  timestamp: 1725019034582
- kind: pypi
  name: cattrs
  version: 24.1.2
  url: https://files.pythonhosted.org/packages/c8/d5/867e75361fc45f6de75fe277dd085627a9db5ebb511a87f27dc1396b5351/cattrs-24.1.2-py3-none-any.whl
  sha256: 67c7495b760168d931a10233f979b28dc04daf853b30752246f4f8471c6d68d0
  requires_dist:
  - attrs>=23.1.0
  - exceptiongroup>=1.1.1 ; python_full_version < '3.11'
  - typing-extensions!=4.6.3,>=4.1.0 ; python_full_version < '3.11'
  - pymongo>=4.4.0 ; extra == 'bson'
  - cbor2>=5.4.6 ; extra == 'cbor2'
  - msgpack>=1.0.5 ; extra == 'msgpack'
  - msgspec>=0.18.5 ; implementation_name == 'cpython' and extra == 'msgspec'
  - orjson>=3.9.2 ; implementation_name == 'cpython' and extra == 'orjson'
  - pyyaml>=6.0 ; extra == 'pyyaml'
  - tomlkit>=0.11.8 ; extra == 'tomlkit'
  - ujson>=5.7.0 ; extra == 'ujson'
  requires_python: '>=3.8'
- kind: pypi
  name: coremltools
  version: '8.0'
  path: .
  sha256: f34db2bc823d08474eb6cf44ebccc78ee1070db45474a10ee418586ce5d7a079
  requires_dist:
  - setuptools>=75.3.0
  - attrs>=21.3.0
  - cattrs
  - numpy>=1.14.5
  - packaging
  - protobuf>=3.1.0
  - pyaml
  - sympy
  - tqdm
  requires_python: '>=3.7'
  editable: true
- kind: conda
  name: ld_impl_linux-64
  version: '2.43'
  build: h712a8e2_2
  build_number: 2
  subdir: linux-64
  url: https://conda.anaconda.org/conda-forge/linux-64/ld_impl_linux-64-2.43-h712a8e2_2.conda
  sha256: 7c91cea91b13f4314d125d1bedb9d03a29ebbd5080ccdea70260363424646dbe
  md5: 048b02e3962f066da18efe3a21b77672
  depends:
  - __glibc >=2.17,<3.0.a0
  constrains:
  - binutils_impl_linux-64 2.43
  license: GPL-3.0-only
  license_family: GPL
  purls: []
  size: 669211
  timestamp: 1729655358674
- kind: conda
  name: libexpat
  version: 2.6.4
  build: h240833e_0
  subdir: osx-64
  url: https://conda.anaconda.org/conda-forge/osx-64/libexpat-2.6.4-h240833e_0.conda
  sha256: d10f43d0c5df6c8cf55259bce0fe14d2377eed625956cddce06f58827d288c59
  md5: 20307f4049a735a78a29073be1be2626
  depends:
  - __osx >=10.13
  constrains:
  - expat 2.6.4.*
  license: MIT
  license_family: MIT
  purls: []
  size: 70758
  timestamp: 1730967204736
- kind: conda
  name: libexpat
  version: 2.6.4
  build: h286801f_0
  subdir: osx-arm64
  url: https://conda.anaconda.org/conda-forge/osx-arm64/libexpat-2.6.4-h286801f_0.conda
  sha256: e42ab5ace927ee7c84e3f0f7d813671e1cf3529f5f06ee5899606630498c2745
  md5: 38d2656dd914feb0cab8c629370768bf
  depends:
  - __osx >=11.0
  constrains:
  - expat 2.6.4.*
  license: MIT
  license_family: MIT
  purls: []
  size: 64693
  timestamp: 1730967175868
- kind: conda
  name: libexpat
  version: 2.6.4
  build: h5888daf_0
  subdir: linux-64
  url: https://conda.anaconda.org/conda-forge/linux-64/libexpat-2.6.4-h5888daf_0.conda
  sha256: 56541b98447b58e52d824bd59d6382d609e11de1f8adf20b23143e353d2b8d26
  md5: db833e03127376d461e1e13e76f09b6c
  depends:
  - __glibc >=2.17,<3.0.a0
  - libgcc >=13
  constrains:
  - expat 2.6.4.*
  license: MIT
  license_family: MIT
  purls: []
  size: 73304
  timestamp: 1730967041968
- kind: conda
  name: libffi
  version: 3.4.2
  build: h0d85af4_5
  build_number: 5
  subdir: osx-64
  url: https://conda.anaconda.org/conda-forge/osx-64/libffi-3.4.2-h0d85af4_5.tar.bz2
  sha256: 7a2d27a936ceee6942ea4d397f9c7d136f12549d86f7617e8b6bad51e01a941f
  md5: ccb34fb14960ad8b125962d3d79b31a9
  license: MIT
  license_family: MIT
  purls: []
  size: 51348
  timestamp: 1636488394370
- kind: conda
  name: libffi
  version: 3.4.2
  build: h3422bc3_5
  build_number: 5
  subdir: osx-arm64
  url: https://conda.anaconda.org/conda-forge/osx-arm64/libffi-3.4.2-h3422bc3_5.tar.bz2
  sha256: 41b3d13efb775e340e4dba549ab5c029611ea6918703096b2eaa9c015c0750ca
  md5: 086914b672be056eb70fd4285b6783b6
  license: MIT
  license_family: MIT
  purls: []
  size: 39020
  timestamp: 1636488587153
- kind: conda
  name: libffi
  version: 3.4.2
  build: h7f98852_5
  build_number: 5
  subdir: linux-64
  url: https://conda.anaconda.org/conda-forge/linux-64/libffi-3.4.2-h7f98852_5.tar.bz2
  sha256: ab6e9856c21709b7b517e940ae7028ae0737546122f83c2aa5d692860c3b149e
  md5: d645c6d2ac96843a2bfaccd2d62b3ac3
  depends:
  - libgcc-ng >=9.4.0
  license: MIT
  license_family: MIT
  purls: []
  size: 58292
  timestamp: 1636488182923
- kind: conda
  name: libgcc
  version: 14.2.0
  build: h77fa898_1
  build_number: 1
  subdir: linux-64
  url: https://conda.anaconda.org/conda-forge/linux-64/libgcc-14.2.0-h77fa898_1.conda
  sha256: 53eb8a79365e58849e7b1a068d31f4f9e718dc938d6f2c03e960345739a03569
  md5: 3cb76c3f10d3bc7f1105b2fc9db984df
  depends:
  - _libgcc_mutex 0.1 conda_forge
  - _openmp_mutex >=4.5
  constrains:
  - libgomp 14.2.0 h77fa898_1
  - libgcc-ng ==14.2.0=*_1
  license: GPL-3.0-only WITH GCC-exception-3.1
  license_family: GPL
  purls: []
  size: 848745
  timestamp: 1729027721139
- kind: conda
  name: libgcc-ng
  version: 14.2.0
  build: h69a702a_1
  build_number: 1
  subdir: linux-64
  url: https://conda.anaconda.org/conda-forge/linux-64/libgcc-ng-14.2.0-h69a702a_1.conda
  sha256: 3a76969c80e9af8b6e7a55090088bc41da4cffcde9e2c71b17f44d37b7cb87f7
  md5: e39480b9ca41323497b05492a63bc35b
  depends:
  - libgcc 14.2.0 h77fa898_1
  license: GPL-3.0-only WITH GCC-exception-3.1
  license_family: GPL
  purls: []
  size: 54142
  timestamp: 1729027726517
- kind: conda
  name: libgomp
  version: 14.2.0
  build: h77fa898_1
  build_number: 1
  subdir: linux-64
  url: https://conda.anaconda.org/conda-forge/linux-64/libgomp-14.2.0-h77fa898_1.conda
  sha256: 1911c29975ec99b6b906904040c855772ccb265a1c79d5d75c8ceec4ed89cd63
  md5: cc3573974587f12dda90d96e3e55a702
  depends:
  - _libgcc_mutex 0.1 conda_forge
  license: GPL-3.0-only WITH GCC-exception-3.1
  license_family: GPL
  purls: []
  size: 460992
  timestamp: 1729027639220
- kind: conda
  name: libmpdec
  version: 4.0.0
  build: h4bc722e_0
  subdir: linux-64
  url: https://conda.anaconda.org/conda-forge/linux-64/libmpdec-4.0.0-h4bc722e_0.conda
  sha256: d02d1d3304ecaf5c728e515eb7416517a0b118200cd5eacbe829c432d1664070
  md5: aeb98fdeb2e8f25d43ef71fbacbeec80
  depends:
  - __glibc >=2.17,<3.0.a0
  - libgcc-ng >=12
  license: BSD-2-Clause
  license_family: BSD
  purls: []
  size: 89991
  timestamp: 1723817448345
- kind: conda
  name: libmpdec
  version: 4.0.0
  build: h99b78c6_0
  subdir: osx-arm64
  url: https://conda.anaconda.org/conda-forge/osx-arm64/libmpdec-4.0.0-h99b78c6_0.conda
  sha256: f7917de9117d3a5fe12a39e185c7ce424f8d5010a6f97b4333e8a1dcb2889d16
  md5: 7476305c35dd9acef48da8f754eedb40
  depends:
  - __osx >=11.0
  license: BSD-2-Clause
  license_family: BSD
  purls: []
  size: 69263
  timestamp: 1723817629767
- kind: conda
  name: libmpdec
  version: 4.0.0
  build: hfdf4475_0
  subdir: osx-64
  url: https://conda.anaconda.org/conda-forge/osx-64/libmpdec-4.0.0-hfdf4475_0.conda
  sha256: 791be3d30d8e37ec49bcc23eb8f1e1415d911a7c023fa93685f2ea485179e258
  md5: ed625b2e59dff82859c23dd24774156b
  depends:
  - __osx >=10.13
  license: BSD-2-Clause
  license_family: BSD
  purls: []
  size: 76561
  timestamp: 1723817691512
- kind: conda
  name: libsqlite
  version: 3.47.0
  build: h2f8c449_1
  build_number: 1
  subdir: osx-64
  url: https://conda.anaconda.org/conda-forge/osx-64/libsqlite-3.47.0-h2f8c449_1.conda
  sha256: a0f7381c867898a45018b1e5cf1aca68659d292d58252e8f489a4270b010fed8
  md5: af445c495253a871c3d809e1199bb12b
  depends:
  - __osx >=10.13
  - libzlib >=1.3.1,<2.0a0
  license: Unlicense
  purls: []
  size: 915300
  timestamp: 1730208101739
- kind: conda
  name: libsqlite
  version: 3.47.0
  build: hadc24fc_1
  build_number: 1
  subdir: linux-64
  url: https://conda.anaconda.org/conda-forge/linux-64/libsqlite-3.47.0-hadc24fc_1.conda
  sha256: 8a9aadf996a2399f65b679c6e7f29139d5059f699c63e6d7b50e20db10c00508
  md5: b6f02b52a174e612e89548f4663ce56a
  depends:
  - __glibc >=2.17,<3.0.a0
  - libgcc >=13
  - libzlib >=1.3.1,<2.0a0
  license: Unlicense
  purls: []
  size: 875349
  timestamp: 1730208050020
- kind: conda
  name: libsqlite
  version: 3.47.0
  build: hbaaea75_1
  build_number: 1
  subdir: osx-arm64
  url: https://conda.anaconda.org/conda-forge/osx-arm64/libsqlite-3.47.0-hbaaea75_1.conda
  sha256: 5a96caa566c11e5a5ebdcdb86a0759a7fb27d3c5f42e6a0fd0d6023c1e935d9e
  md5: 07a14fbe439eef078cc479deca321161
  depends:
  - __osx >=11.0
  - libzlib >=1.3.1,<2.0a0
  license: Unlicense
  purls: []
  size: 837683
  timestamp: 1730208293578
- kind: conda
  name: libuuid
  version: 2.38.1
  build: h0b41bf4_0
  subdir: linux-64
  url: https://conda.anaconda.org/conda-forge/linux-64/libuuid-2.38.1-h0b41bf4_0.conda
  sha256: 787eb542f055a2b3de553614b25f09eefb0a0931b0c87dbcce6efdfd92f04f18
  md5: 40b61aab5c7ba9ff276c41cfffe6b80b
  depends:
  - libgcc-ng >=12
  license: BSD-3-Clause
  license_family: BSD
  purls: []
  size: 33601
  timestamp: 1680112270483
- kind: conda
  name: libzlib
  version: 1.3.1
  build: h8359307_2
  build_number: 2
  subdir: osx-arm64
  url: https://conda.anaconda.org/conda-forge/osx-arm64/libzlib-1.3.1-h8359307_2.conda
  sha256: ce34669eadaba351cd54910743e6a2261b67009624dbc7daeeafdef93616711b
  md5: 369964e85dc26bfe78f41399b366c435
  depends:
  - __osx >=11.0
  constrains:
  - zlib 1.3.1 *_2
  license: Zlib
  license_family: Other
  purls: []
  size: 46438
  timestamp: 1727963202283
- kind: conda
  name: libzlib
  version: 1.3.1
  build: hb9d3cd8_2
  build_number: 2
  subdir: linux-64
  url: https://conda.anaconda.org/conda-forge/linux-64/libzlib-1.3.1-hb9d3cd8_2.conda
  sha256: d4bfe88d7cb447768e31650f06257995601f89076080e76df55e3112d4e47dc4
  md5: edb0dca6bc32e4f4789199455a1dbeb8
  depends:
  - __glibc >=2.17,<3.0.a0
  - libgcc >=13
  constrains:
  - zlib 1.3.1 *_2
  license: Zlib
  license_family: Other
  purls: []
  size: 60963
  timestamp: 1727963148474
- kind: conda
  name: libzlib
  version: 1.3.1
  build: hd23fc13_2
  build_number: 2
  subdir: osx-64
  url: https://conda.anaconda.org/conda-forge/osx-64/libzlib-1.3.1-hd23fc13_2.conda
  sha256: 8412f96504fc5993a63edf1e211d042a1fd5b1d51dedec755d2058948fcced09
  md5: 003a54a4e32b02f7355b50a837e699da
  depends:
  - __osx >=10.13
  constrains:
  - zlib 1.3.1 *_2
  license: Zlib
  license_family: Other
  purls: []
  size: 57133
  timestamp: 1727963183990
- kind: pypi
  name: mpmath
  version: 1.3.0
  url: https://files.pythonhosted.org/packages/43/e3/7d92a15f894aa0c9c4b49b8ee9ac9850d6e63b03c9c32c0367a13ae62209/mpmath-1.3.0-py3-none-any.whl
  sha256: a0b2b9fe80bbcd81a6647ff13108738cfb482d481d826cc0e02f5b35e5c88d2c
  requires_dist:
  - pytest>=4.6 ; extra == 'develop'
  - pycodestyle ; extra == 'develop'
  - pytest-cov ; extra == 'develop'
  - codecov ; extra == 'develop'
  - wheel ; extra == 'develop'
  - sphinx ; extra == 'docs'
  - gmpy2>=2.1.0a4 ; platform_python_implementation != 'PyPy' and extra == 'gmpy'
  - pytest>=4.6 ; extra == 'tests'
- kind: conda
  name: ncurses
  version: '6.5'
  build: h7bae524_1
  build_number: 1
  subdir: osx-arm64
  url: https://conda.anaconda.org/conda-forge/osx-arm64/ncurses-6.5-h7bae524_1.conda
  sha256: 27d0b9ff78ad46e1f3a6c96c479ab44beda5f96def88e2fe626e0a49429d8afc
  md5: cb2b0ea909b97b3d70cd3921d1445e1a
  depends:
  - __osx >=11.0
  license: X11 AND BSD-3-Clause
  purls: []
  size: 802321
  timestamp: 1724658775723
- kind: conda
  name: ncurses
  version: '6.5'
  build: he02047a_1
  build_number: 1
  subdir: linux-64
  url: https://conda.anaconda.org/conda-forge/linux-64/ncurses-6.5-he02047a_1.conda
  sha256: 6a1d5d8634c1a07913f1c525db6455918cbc589d745fac46d9d6e30340c8731a
  md5: 70caf8bb6cf39a0b6b7efc885f51c0fe
  depends:
  - __glibc >=2.17,<3.0.a0
  - libgcc-ng >=12
  license: X11 AND BSD-3-Clause
  purls: []
  size: 889086
  timestamp: 1724658547447
- kind: conda
  name: ncurses
  version: '6.5'
  build: hf036a51_1
  build_number: 1
  subdir: osx-64
  url: https://conda.anaconda.org/conda-forge/osx-64/ncurses-6.5-hf036a51_1.conda
  sha256: b0b3180039ef19502525a2abd5833c00f9624af830fd391f851934d57bffb9af
  md5: e102bbf8a6ceeaf429deab8032fc8977
  depends:
  - __osx >=10.13
  license: X11 AND BSD-3-Clause
  purls: []
  size: 822066
  timestamp: 1724658603042
- kind: pypi
  name: numpy
  version: 2.1.3
  url: https://files.pythonhosted.org/packages/45/e1/210b2d8b31ce9119145433e6ea78046e30771de3fe353f313b2778142f34/numpy-2.1.3-cp313-cp313-macosx_11_0_arm64.whl
  sha256: f653490b33e9c3a4c1c01d41bc2aef08f9475af51146e4a7710c450cf9761598
  requires_python: '>=3.10'
- kind: pypi
  name: numpy
  version: 2.1.3
  url: https://files.pythonhosted.org/packages/4d/0b/620591441457e25f3404c8057eb924d04f161244cb8a3680d529419aa86e/numpy-2.1.3-cp313-cp313-macosx_10_13_x86_64.whl
  sha256: 96fe52fcdb9345b7cd82ecd34547fca4321f7656d500eca497eb7ea5a926692f
  requires_python: '>=3.10'
- kind: pypi
  name: numpy
  version: 2.1.3
  url: https://files.pythonhosted.org/packages/70/50/73f9a5aa0810cdccda9c1d20be3cbe4a4d6ea6bfd6931464a44c95eef731/numpy-2.1.3-cp313-cp313-manylinux_2_17_x86_64.manylinux2014_x86_64.whl
  sha256: 5641516794ca9e5f8a4d17bb45446998c6554704d888f86df9b200e66bdcce56
  requires_python: '>=3.10'
- kind: conda
  name: openssl
  version: 3.3.2
  build: h8359307_0
  subdir: osx-arm64
  url: https://conda.anaconda.org/conda-forge/osx-arm64/openssl-3.3.2-h8359307_0.conda
  sha256: 940fa01c4dc6152158fe8943e05e55a1544cab639df0994e3b35937839e4f4d1
  md5: 1773ebccdc13ec603356e8ff1db9e958
  depends:
  - __osx >=11.0
  - ca-certificates
  license: Apache-2.0
  license_family: Apache
  purls: []
  size: 2882450
  timestamp: 1725410638874
- kind: conda
  name: openssl
  version: 3.3.2
  build: hb9d3cd8_0
  subdir: linux-64
  url: https://conda.anaconda.org/conda-forge/linux-64/openssl-3.3.2-hb9d3cd8_0.conda
  sha256: cee91036686419f6dd6086902acf7142b4916e1c4ba042e9ca23e151da012b6d
  md5: 4d638782050ab6faa27275bed57e9b4e
  depends:
  - __glibc >=2.17,<3.0.a0
  - ca-certificates
  - libgcc >=13
  license: Apache-2.0
  license_family: Apache
  purls: []
  size: 2891789
  timestamp: 1725410790053
- kind: conda
  name: openssl
  version: 3.3.2
  build: hd23fc13_0
  subdir: osx-64
  url: https://conda.anaconda.org/conda-forge/osx-64/openssl-3.3.2-hd23fc13_0.conda
  sha256: 2b75d4b56e45992adf172b158143742daeb316c35274b36f385ccb6644e93268
  md5: 2ff47134c8e292868a4609519b1ea3b6
  depends:
  - __osx >=10.13
  - ca-certificates
  license: Apache-2.0
  license_family: Apache
  purls: []
  size: 2544654
  timestamp: 1725410973572
- kind: pypi
  name: packaging
  version: '24.2'
  url: https://files.pythonhosted.org/packages/88/ef/eb23f262cca3c0c4eb7ab1933c3b1f03d021f2c48f54763065b6f0e321be/packaging-24.2-py3-none-any.whl
  sha256: 09abb1bccd265c01f4a3aa3f7a7db064b36514d2cba19a2f694fe6150451a759
  requires_python: '>=3.8'
- kind: pypi
  name: protobuf
  version: 5.28.3
  url: https://files.pythonhosted.org/packages/1c/f2/baf397f3dd1d3e4af7e3f5a0382b868d25ac068eefe1ebde05132333436c/protobuf-5.28.3-cp38-abi3-macosx_10_9_universal2.whl
  sha256: a3f6857551e53ce35e60b403b8a27b0295f7d6eb63d10484f12bc6879c715687
  requires_python: '>=3.8'
- kind: pypi
  name: protobuf
  version: 5.28.3
  url: https://files.pythonhosted.org/packages/5d/ae/3257b09328c0b4e59535e497b0c7537d4954038bdd53a2f0d2f49d15a7c4/protobuf-5.28.3-cp38-abi3-manylinux2014_x86_64.whl
  sha256: 712319fbdddb46f21abb66cd33cb9e491a5763b2febd8f228251add221981135
  requires_python: '>=3.8'
- kind: pypi
  name: pyaml
  version: 24.9.0
  url: https://files.pythonhosted.org/packages/a1/1b/16b79549afd3dec6d764456c07b8581134c74008d87303ba23906380fa57/pyaml-24.9.0-py3-none-any.whl
  sha256: 31080551502f1014852b3c966a96c796adc79b4cf86e165f28ed83455bf19c62
  requires_dist:
  - pyyaml
  - unidecode ; extra == 'anchors'
  requires_python: '>=3.8'
- kind: conda
  name: python
  version: 3.13.0
  build: h0608dab_100_cp313
  build_number: 100
  subdir: osx-64
  url: https://conda.anaconda.org/conda-forge/osx-64/python-3.13.0-h0608dab_100_cp313.conda
  sha256: f4c8ca4c34cb2a508956cfc8c2130dc30f168a75ae8254da8c43b5dce10ed2ea
  md5: 9603103619775a3f99fe4b58d278775e
  depends:
  - __osx >=10.13
  - bzip2 >=1.0.8,<2.0a0
  - libexpat >=2.6.3,<3.0a0
  - libffi >=3.4,<4.0a0
  - libmpdec >=4.0.0,<5.0a0
  - libsqlite >=3.46.1,<4.0a0
  - libzlib >=1.3.1,<2.0a0
  - ncurses >=6.5,<7.0a0
  - openssl >=3.3.2,<4.0a0
  - python_abi 3.13.* *_cp313
  - readline >=8.2,<9.0a0
  - tk >=8.6.13,<8.7.0a0
  - tzdata
  - xz >=5.2.6,<6.0a0
  license: Python-2.0
  purls: []
  size: 13933848
  timestamp: 1729169951268
- kind: conda
  name: python
  version: 3.13.0
  build: h75c3a9f_100_cp313
  build_number: 100
  subdir: osx-arm64
  url: https://conda.anaconda.org/conda-forge/osx-arm64/python-3.13.0-h75c3a9f_100_cp313.conda
  sha256: be9464399b76ae1fef77853eed70267ef657a98a5f69f7df012b7c6a34792151
  md5: 94ae22ea862d056ad1bc095443d02d73
  depends:
  - __osx >=11.0
  - bzip2 >=1.0.8,<2.0a0
  - libexpat >=2.6.3,<3.0a0
  - libffi >=3.4,<4.0a0
  - libmpdec >=4.0.0,<5.0a0
  - libsqlite >=3.46.1,<4.0a0
  - libzlib >=1.3.1,<2.0a0
  - ncurses >=6.5,<7.0a0
  - openssl >=3.3.2,<4.0a0
  - python_abi 3.13.* *_cp313
  - readline >=8.2,<9.0a0
  - tk >=8.6.13,<8.7.0a0
  - tzdata
  - xz >=5.2.6,<6.0a0
  license: Python-2.0
  purls: []
  size: 12804842
  timestamp: 1729168680448
- kind: conda
  name: python
  version: 3.13.0
  build: h9ebbce0_100_cp313
  build_number: 100
  subdir: linux-64
  url: https://conda.anaconda.org/conda-forge/linux-64/python-3.13.0-h9ebbce0_100_cp313.conda
  sha256: 6ab5179679f0909db828d8316f3b8b379014a82404807310fe7df5a6cf303646
  md5: 08e9aef080f33daeb192b2ddc7e4721f
  depends:
  - __glibc >=2.17,<3.0.a0
  - bzip2 >=1.0.8,<2.0a0
  - ld_impl_linux-64 >=2.36.1
  - libexpat >=2.6.3,<3.0a0
  - libffi >=3.4,<4.0a0
  - libgcc >=13
  - libmpdec >=4.0.0,<5.0a0
  - libsqlite >=3.46.1,<4.0a0
  - libuuid >=2.38.1,<3.0a0
  - libzlib >=1.3.1,<2.0a0
  - ncurses >=6.5,<7.0a0
  - openssl >=3.3.2,<4.0a0
  - python_abi 3.13.* *_cp313
  - readline >=8.2,<9.0a0
  - tk >=8.6.13,<8.7.0a0
  - tzdata
  - xz >=5.2.6,<6.0a0
  license: Python-2.0
  purls: []
  size: 33112481
  timestamp: 1728419573472
- kind: conda
  name: python_abi
  version: '3.13'
  build: 5_cp313
  build_number: 5
  subdir: linux-64
  url: https://conda.anaconda.org/conda-forge/linux-64/python_abi-3.13-5_cp313.conda
  sha256: 438225b241c5f9bddae6f0178a97f5870a89ecf927dfca54753e689907331442
  md5: 381bbd2a92c863f640a55b6ff3c35161
  constrains:
  - python 3.13.* *_cp313
  license: BSD-3-Clause
  license_family: BSD
  purls: []
  size: 6217
  timestamp: 1723823393322
- kind: conda
  name: python_abi
  version: '3.13'
  build: 5_cp313
  build_number: 5
  subdir: osx-64
  url: https://conda.anaconda.org/conda-forge/osx-64/python_abi-3.13-5_cp313.conda
  sha256: 075ad768648e88b78d2a94099563b43d3082e7c35979f457164f26d1079b7b5c
  md5: 927a2186f1f997ac018d67c4eece90a6
  constrains:
  - python 3.13.* *_cp313
  license: BSD-3-Clause
  license_family: BSD
  purls: []
  size: 6291
  timestamp: 1723823083064
- kind: conda
  name: python_abi
  version: '3.13'
  build: 5_cp313
  build_number: 5
  subdir: osx-arm64
  url: https://conda.anaconda.org/conda-forge/osx-arm64/python_abi-3.13-5_cp313.conda
  sha256: 4437198eae80310f40b23ae2f8a9e0a7e5c2b9ae411a8621eb03d87273666199
  md5: b8e82d0a5c1664638f87f63cc5d241fb
  constrains:
  - python 3.13.* *_cp313
  license: BSD-3-Clause
  license_family: BSD
  purls: []
  size: 6322
  timestamp: 1723823058879
- kind: pypi
  name: pyyaml
  version: 6.0.2
  url: https://files.pythonhosted.org/packages/04/24/b7721e4845c2f162d26f50521b825fb061bc0a5afcf9a386840f23ea19fa/PyYAML-6.0.2-cp313-cp313-manylinux_2_17_x86_64.manylinux2014_x86_64.whl
  sha256: 70b189594dbe54f75ab3a1acec5f1e3faa7e8cf2f1e08d9b561cb41b845f69d5
  requires_python: '>=3.8'
- kind: pypi
  name: pyyaml
  version: 6.0.2
  url: https://files.pythonhosted.org/packages/45/9f/3b1c20a0b7a3200524eb0076cc027a970d320bd3a6592873c85c92a08731/PyYAML-6.0.2-cp313-cp313-macosx_11_0_arm64.whl
  sha256: 50187695423ffe49e2deacb8cd10510bc361faac997de9efef88badc3bb9e2d1
  requires_python: '>=3.8'
- kind: pypi
  name: pyyaml
  version: 6.0.2
  url: https://files.pythonhosted.org/packages/ef/e3/3af305b830494fa85d95f6d95ef7fa73f2ee1cc8ef5b495c7c3269fb835f/PyYAML-6.0.2-cp313-cp313-macosx_10_13_x86_64.whl
  sha256: efdca5630322a10774e8e98e1af481aad470dd62c3170801852d752aa7a783ba
  requires_python: '>=3.8'
- kind: conda
  name: readline
  version: '8.2'
  build: h8228510_1
  build_number: 1
  subdir: linux-64
  url: https://conda.anaconda.org/conda-forge/linux-64/readline-8.2-h8228510_1.conda
  sha256: 5435cf39d039387fbdc977b0a762357ea909a7694d9528ab40f005e9208744d7
  md5: 47d31b792659ce70f470b5c82fdfb7a4
  depends:
  - libgcc-ng >=12
  - ncurses >=6.3,<7.0a0
  license: GPL-3.0-only
  license_family: GPL
  purls: []
  size: 281456
  timestamp: 1679532220005
- kind: conda
  name: readline
  version: '8.2'
  build: h92ec313_1
  build_number: 1
  subdir: osx-arm64
  url: https://conda.anaconda.org/conda-forge/osx-arm64/readline-8.2-h92ec313_1.conda
  sha256: a1dfa679ac3f6007362386576a704ad2d0d7a02e98f5d0b115f207a2da63e884
  md5: 8cbb776a2f641b943d413b3e19df71f4
  depends:
  - ncurses >=6.3,<7.0a0
  license: GPL-3.0-only
  license_family: GPL
  purls: []
  size: 250351
  timestamp: 1679532511311
- kind: conda
  name: readline
  version: '8.2'
  build: h9e318b2_1
  build_number: 1
  subdir: osx-64
  url: https://conda.anaconda.org/conda-forge/osx-64/readline-8.2-h9e318b2_1.conda
  sha256: 41e7d30a097d9b060037f0c6a2b1d4c4ae7e942c06c943d23f9d481548478568
  md5: f17f77f2acf4d344734bda76829ce14e
  depends:
  - ncurses >=6.3,<7.0a0
  license: GPL-3.0-only
  license_family: GPL
  purls: []
  size: 255870
  timestamp: 1679532707590
- kind: pypi
  name: setuptools
  version: 75.3.0
  url: https://files.pythonhosted.org/packages/90/12/282ee9bce8b58130cb762fbc9beabd531549952cac11fc56add11dcb7ea0/setuptools-75.3.0-py3-none-any.whl
  sha256: f2504966861356aa38616760c0f66568e535562374995367b4e69c7143cf6bcd
  requires_dist:
  - pytest-checkdocs>=2.4 ; extra == 'check'
  - pytest-ruff>=0.2.1 ; sys_platform != 'cygwin' and extra == 'check'
  - ruff>=0.5.2 ; sys_platform != 'cygwin' and extra == 'check'
  - packaging>=24 ; extra == 'core'
  - more-itertools>=8.8 ; extra == 'core'
  - jaraco-text>=3.7 ; extra == 'core'
  - wheel>=0.43.0 ; extra == 'core'
  - platformdirs>=4.2.2 ; extra == 'core'
  - jaraco-collections ; extra == 'core'
  - jaraco-functools ; extra == 'core'
  - packaging ; extra == 'core'
  - more-itertools ; extra == 'core'
  - importlib-metadata>=6 ; python_full_version < '3.10' and extra == 'core'
  - tomli>=2.0.1 ; python_full_version < '3.11' and extra == 'core'
  - importlib-resources>=5.10.2 ; python_full_version < '3.9' and extra == 'core'
  - pytest-cov ; extra == 'cover'
  - sphinx>=3.5 ; extra == 'doc'
  - jaraco-packaging>=9.3 ; extra == 'doc'
  - rst-linker>=1.9 ; extra == 'doc'
  - furo ; extra == 'doc'
  - sphinx-lint ; extra == 'doc'
  - jaraco-tidelift>=1.4 ; extra == 'doc'
  - pygments-github-lexers==0.0.5 ; extra == 'doc'
  - sphinx-favicon ; extra == 'doc'
  - sphinx-inline-tabs ; extra == 'doc'
  - sphinx-reredirects ; extra == 'doc'
  - sphinxcontrib-towncrier ; extra == 'doc'
  - sphinx-notfound-page<2,>=1 ; extra == 'doc'
  - pyproject-hooks!=1.1 ; extra == 'doc'
  - towncrier<24.7 ; extra == 'doc'
  - pytest-enabler>=2.2 ; extra == 'enabler'
  - pytest!=8.1.*,>=6 ; extra == 'test'
  - virtualenv>=13.0.0 ; extra == 'test'
  - wheel>=0.44.0 ; extra == 'test'
  - pip>=19.1 ; extra == 'test'
  - packaging>=23.2 ; extra == 'test'
  - jaraco-envs>=2.2 ; extra == 'test'
  - pytest-xdist>=3 ; extra == 'test'
  - jaraco-path>=3.2.0 ; extra == 'test'
  - build[virtualenv]>=1.0.3 ; extra == 'test'
  - filelock>=3.4.0 ; extra == 'test'
  - ini2toml[lite]>=0.14 ; extra == 'test'
  - tomli-w>=1.0.0 ; extra == 'test'
  - pytest-timeout ; extra == 'test'
  - pytest-home>=0.5 ; extra == 'test'
  - pytest-subprocess ; extra == 'test'
  - pyproject-hooks!=1.1 ; extra == 'test'
  - jaraco-test>=5.5 ; extra == 'test'
  - jaraco-develop>=7.21 ; python_full_version >= '3.9' and sys_platform != 'cygwin' and extra == 'test'
  - pytest-perf ; sys_platform != 'cygwin' and extra == 'test'
  - pytest-mypy ; extra == 'type'
  - mypy==1.12.* ; extra == 'type'
  - importlib-metadata>=7.0.2 ; python_full_version < '3.10' and extra == 'type'
  - jaraco-develop>=7.21 ; sys_platform != 'cygwin' and extra == 'type'
  requires_python: '>=3.8'
- kind: pypi
  name: sympy
  version: 1.13.3
  url: https://files.pythonhosted.org/packages/99/ff/c87e0622b1dadea79d2fb0b25ade9ed98954c9033722eb707053d310d4f3/sympy-1.13.3-py3-none-any.whl
  sha256: 54612cf55a62755ee71824ce692986f23c88ffa77207b30c1368eda4a7060f73
  requires_dist:
  - mpmath<1.4,>=1.1.0
  - pytest>=7.1.0 ; extra == 'dev'
  - hypothesis>=6.70.0 ; extra == 'dev'
  requires_python: '>=3.8'
- kind: conda
  name: tk
  version: 8.6.13
  build: h1abcd95_1
  build_number: 1
  subdir: osx-64
  url: https://conda.anaconda.org/conda-forge/osx-64/tk-8.6.13-h1abcd95_1.conda
  sha256: 30412b2e9de4ff82d8c2a7e5d06a15f4f4fef1809a72138b6ccb53a33b26faf5
  md5: bf830ba5afc507c6232d4ef0fb1a882d
  depends:
  - libzlib >=1.2.13,<2.0.0a0
  license: TCL
  license_family: BSD
  purls: []
  size: 3270220
  timestamp: 1699202389792
- kind: conda
  name: tk
  version: 8.6.13
  build: h5083fa2_1
  build_number: 1
  subdir: osx-arm64
  url: https://conda.anaconda.org/conda-forge/osx-arm64/tk-8.6.13-h5083fa2_1.conda
  sha256: 72457ad031b4c048e5891f3f6cb27a53cb479db68a52d965f796910e71a403a8
  md5: b50a57ba89c32b62428b71a875291c9b
  depends:
  - libzlib >=1.2.13,<2.0.0a0
  license: TCL
  license_family: BSD
  purls: []
  size: 3145523
  timestamp: 1699202432999
- kind: conda
  name: tk
  version: 8.6.13
  build: noxft_h4845f30_101
  build_number: 101
  subdir: linux-64
  url: https://conda.anaconda.org/conda-forge/linux-64/tk-8.6.13-noxft_h4845f30_101.conda
  sha256: e0569c9caa68bf476bead1bed3d79650bb080b532c64a4af7d8ca286c08dea4e
  md5: d453b98d9c83e71da0741bb0ff4d76bc
  depends:
  - libgcc-ng >=12
  - libzlib >=1.2.13,<2.0.0a0
  license: TCL
  license_family: BSD
  purls: []
  size: 3318875
  timestamp: 1699202167581
- kind: pypi
  name: tqdm
  version: 4.67.0
  url: https://files.pythonhosted.org/packages/2b/78/57043611a16c655c8350b4c01b8d6abfb38cc2acb475238b62c2146186d7/tqdm-4.67.0-py3-none-any.whl
  sha256: 0cd8af9d56911acab92182e88d763100d4788bdf421d251616040cc4d44863be
  requires_dist:
  - colorama ; platform_system == 'Windows'
  - pytest>=6 ; extra == 'dev'
  - pytest-cov ; extra == 'dev'
  - pytest-timeout ; extra == 'dev'
  - pytest-xdist ; extra == 'dev'
  - requests ; extra == 'discord'
  - ipywidgets>=6 ; extra == 'notebook'
  - slack-sdk ; extra == 'slack'
  - requests ; extra == 'telegram'
  requires_python: '>=3.7'
- kind: conda
  name: tzdata
  version: 2024b
  build: hc8b5060_0
  subdir: noarch
  noarch: generic
  url: https://conda.anaconda.org/conda-forge/noarch/tzdata-2024b-hc8b5060_0.conda
  sha256: 4fde5c3008bf5d2db82f2b50204464314cc3c91c1d953652f7bd01d9e52aefdf
  md5: 8ac3367aafb1cc0a068483c580af8015
  license: LicenseRef-Public-Domain
  purls: []
  size: 122354
  timestamp: 1728047496079
- kind: conda
  name: xz
  version: 5.2.6
  build: h166bdaf_0
  subdir: linux-64
  url: https://conda.anaconda.org/conda-forge/linux-64/xz-5.2.6-h166bdaf_0.tar.bz2
  sha256: 03a6d28ded42af8a347345f82f3eebdd6807a08526d47899a42d62d319609162
  md5: 2161070d867d1b1204ea749c8eec4ef0
  depends:
  - libgcc-ng >=12
  license: LGPL-2.1 and GPL-2.0
  purls: []
  size: 418368
  timestamp: 1660346797927
- kind: conda
  name: xz
  version: 5.2.6
  build: h57fd34a_0
  subdir: osx-arm64
  url: https://conda.anaconda.org/conda-forge/osx-arm64/xz-5.2.6-h57fd34a_0.tar.bz2
  sha256: 59d78af0c3e071021cfe82dc40134c19dab8cdf804324b62940f5c8cd71803ec
  md5: 39c6b54e94014701dd157f4f576ed211
  license: LGPL-2.1 and GPL-2.0
  purls: []
  size: 235693
  timestamp: 1660346961024
- kind: conda
  name: xz
  version: 5.2.6
  build: h775f41a_0
  subdir: osx-64
  url: https://conda.anaconda.org/conda-forge/osx-64/xz-5.2.6-h775f41a_0.tar.bz2
  sha256: eb09823f34cc2dd663c0ec4ab13f246f45dcd52e5b8c47b9864361de5204a1c8
  md5: a72f9d4ea13d55d745ff1ed594747f10
  license: LGPL-2.1 and GPL-2.0
  purls: []
  size: 238119
  timestamp: 1660346964847
